
Microsoft Visual Studio Solution File, Format Version 12.00
# Visual Studio Version 17
VisualStudioVersion = 17.6.33723.286
MinimumVisualStudioVersion = 10.0.40219.1
Project("{FAE04EC0-301F-11D3-BF4B-00C04F79EFBC}") = "QuizApi", "QuizApi\QuizApi.csproj", "{C2023885-5E0E-4DA5-880A-828C6A6FE2D4}"
EndProject
Global
	GlobalSection(SolutionConfigurationPlatforms) = preSolution
		Debug|Any CPU = Debug|Any CPU
		Release|Any CPU = Release|Any CPU
	EndGlobalSection
	GlobalSection(ProjectConfigurationPlatforms) = postSolution
		{C2023885-5E0E-4DA5-880A-828C6A6FE2D4}.Debug|Any CPU.ActiveCfg = Debug|Any CPU
		{C2023885-5E0E-4DA5-880A-828C6A6FE2D4}.Debug|Any CPU.Build.0 = Debug|Any CPU
		{C2023885-5E0E-4DA5-880A-828C6A6FE2D4}.Release|Any CPU.ActiveCfg = Release|Any CPU
		{C2023885-5E0E-4DA5-880A-828C6A6FE2D4}.Release|Any CPU.Build.0 = Release|Any CPU
	EndGlobalSection
	GlobalSection(SolutionProperties) = preSolution
		HideSolutionNode = FALSE
	EndGlobalSection
	GlobalSection(ExtensibilityGlobals) = postSolution
		SolutionGuid = {9A8457BA-FB1C-4E98-9CC0-B674A719DC2F}
	EndGlobalSection
EndGlobal
